
Microsoft Visual Studio Solution File, Format Version 12.00
# Visual Studio Version 17
VisualStudioVersion = 17.0.31903.59
MinimumVisualStudioVersion = 10.0.40219.1
Project("{FAE04EC0-301F-11D3-BF4B-00C04F79EFBC}") = "RateLimiter", "RateLimiter\RateLimiter.csproj", "{9196122D-E11C-442B-A082-97676018FB85}"
EndProject
Project("{FAE04EC0-301F-11D3-BF4B-00C04F79EFBC}") = "RateLimiter.Tests", "RateLimiter.Tests\RateLimiter.Tests.csproj", "{908B0899-0934-4870-A8C8-96376B79FD13}"
EndProject
Global
	GlobalSection(SolutionConfigurationPlatforms) = preSolution
		Debug|Any CPU = Debug|Any CPU
		Debug|x64 = Debug|x64
		Debug|x86 = Debug|x86
		Release|Any CPU = Release|Any CPU
		Release|x64 = Release|x64
		Release|x86 = Release|x86
	EndGlobalSection
	GlobalSection(ProjectConfigurationPlatforms) = postSolution
		{9196122D-E11C-442B-A082-97676018FB85}.Debug|Any CPU.ActiveCfg = Debug|Any CPU
		{9196122D-E11C-442B-A082-97676018FB85}.Debug|Any CPU.Build.0 = Debug|Any CPU
		{9196122D-E11C-442B-A082-97676018FB85}.Debug|x64.ActiveCfg = Debug|Any CPU
		{9196122D-E11C-442B-A082-97676018FB85}.Debug|x64.Build.0 = Debug|Any CPU
		{9196122D-E11C-442B-A082-97676018FB85}.Debug|x86.ActiveCfg = Debug|Any CPU
		{9196122D-E11C-442B-A082-97676018FB85}.Debug|x86.Build.0 = Debug|Any CPU
		{9196122D-E11C-442B-A082-97676018FB85}.Release|Any CPU.ActiveCfg = Release|Any CPU
		{9196122D-E11C-442B-A082-97676018FB85}.Release|Any CPU.Build.0 = Release|Any CPU
		{9196122D-E11C-442B-A082-97676018FB85}.Release|x64.ActiveCfg = Release|Any CPU
		{9196122D-E11C-442B-A082-97676018FB85}.Release|x64.Build.0 = Release|Any CPU
		{9196122D-E11C-442B-A082-97676018FB85}.Release|x86.ActiveCfg = Release|Any CPU
		{9196122D-E11C-442B-A082-97676018FB85}.Release|x86.Build.0 = Release|Any CPU
		{908B0899-0934-4870-A8C8-96376B79FD13}.Debug|Any CPU.ActiveCfg = Debug|Any CPU
		{908B0899-0934-4870-A8C8-96376B79FD13}.Debug|Any CPU.Build.0 = Debug|Any CPU
		{908B0899-0934-4870-A8C8-96376B79FD13}.Debug|x64.ActiveCfg = Debug|Any CPU
		{908B0899-0934-4870-A8C8-96376B79FD13}.Debug|x64.Build.0 = Debug|Any CPU
		{908B0899-0934-4870-A8C8-96376B79FD13}.Debug|x86.ActiveCfg = Debug|Any CPU
		{908B0899-0934-4870-A8C8-96376B79FD13}.Debug|x86.Build.0 = Debug|Any CPU
		{908B0899-0934-4870-A8C8-96376B79FD13}.Release|Any CPU.ActiveCfg = Release|Any CPU
		{908B0899-0934-4870-A8C8-96376B79FD13}.Release|Any CPU.Build.0 = Release|Any CPU
		{908B0899-0934-4870-A8C8-96376B79FD13}.Release|x64.ActiveCfg = Release|Any CPU
		{908B0899-0934-4870-A8C8-96376B79FD13}.Release|x64.Build.0 = Release|Any CPU
		{908B0899-0934-4870-A8C8-96376B79FD13}.Release|x86.ActiveCfg = Release|Any CPU
		{908B0899-0934-4870-A8C8-96376B79FD13}.Release|x86.Build.0 = Release|Any CPU
	EndGlobalSection
	GlobalSection(SolutionProperties) = preSolution
		HideSolutionNode = FALSE
	EndGlobalSection
EndGlobal
